
Microsoft Visual Studio Solution File, Format Version 12.00
Project("{FAE04EC0-301F-11D3-BF4B-00C04F79EFBC}") = "Software_engineering_bloc", "Software_engineering_bloc\Software_engineering_bloc.csproj", "{8746BFBA-6EFC-4A7D-8349-EB3EF4504574}"
EndProject
Project("{2150E333-8FDC-42A3-9474-1A3956D46DE8}") = "SE_L2_Corbeille_ConsoleApp", "SE_L2_Corbeille_ConsoleApp", "{20D8B6AD-CFC2-4D1D-A3CE-B8A488710941}"
EndProject
Project("{FAE04EC0-301F-11D3-BF4B-00C04F79EFBC}") = "SE_L2_ConsoleApp", "SE_L2_ConsoleApp\SE_L2_ConsoleApp.csproj", "{D340FD09-ABA2-4FFE-B47C-96379DC7054E}"
EndProject
Project("{2150E333-8FDC-42A3-9474-1A3956D46DE8}") = "SE_L3_Workshop_ConsoleApp", "SE_L3_Workshop_ConsoleApp", "{343321AF-C30A-4261-8195-EB7EAD1519F3}"
EndProject
Project("{2150E333-8FDC-42A3-9474-1A3956D46DE8}") = "SE_Base_Practices", "SE_Base_Practices", "{07C5ADE5-DC77-445A-BF0F-152BC9222FA0}"
EndProject
Project("{FAE04EC0-301F-11D3-BF4B-00C04F79EFBC}") = "SE_Bases", "SE_Bases\SE_Bases.csproj", "{681BD9C6-1592-4806-900E-61C2B9FF90C9}"
EndProject
Project("{2150E333-8FDC-42A3-9474-1A3956D46DE8}") = "SE_MVVM2", "SE_MVVM2", "{37D536E5-1E10-418B-A46D-DB650C704503}"
EndProject
Project("{FAE04EC0-301F-11D3-BF4B-00C04F79EFBC}") = "SE_MVVM2_WPF", "SE_MVVM2_WPF\SE_MVVM2_WPF.csproj", "{C7731C37-8379-496D-8AB5-FACBB43FFFF7}"
EndProject
Project("{2150E333-8FDC-42A3-9474-1A3956D46DE8}") = "SE_L4_Workshop", "SE_L4_Workshop", "{E6DF83FD-BF76-4C1E-8696-A6A5C8FA0FCB}"
EndProject
Project("{FAE04EC0-301F-11D3-BF4B-00C04F79EFBC}") = "SE_L3_Workshop", "SE_L3_Workshop\SE_L3_Workshop.csproj", "{6318DB93-EBBE-4115-8A75-639399483B5E}"
EndProject
Global
	GlobalSection(SolutionConfigurationPlatforms) = preSolution
		Debug|Any CPU = Debug|Any CPU
		Release|Any CPU = Release|Any CPU
	EndGlobalSection
	GlobalSection(ProjectConfigurationPlatforms) = postSolution
		{8746BFBA-6EFC-4A7D-8349-EB3EF4504574}.Debug|Any CPU.ActiveCfg = Debug|Any CPU
		{8746BFBA-6EFC-4A7D-8349-EB3EF4504574}.Debug|Any CPU.Build.0 = Debug|Any CPU
		{8746BFBA-6EFC-4A7D-8349-EB3EF4504574}.Release|Any CPU.ActiveCfg = Release|Any CPU
		{8746BFBA-6EFC-4A7D-8349-EB3EF4504574}.Release|Any CPU.Build.0 = Release|Any CPU
		{D340FD09-ABA2-4FFE-B47C-96379DC7054E}.Debug|Any CPU.ActiveCfg = Debug|Any CPU
		{D340FD09-ABA2-4FFE-B47C-96379DC7054E}.Debug|Any CPU.Build.0 = Debug|Any CPU
		{D340FD09-ABA2-4FFE-B47C-96379DC7054E}.Release|Any CPU.ActiveCfg = Release|Any CPU
		{D340FD09-ABA2-4FFE-B47C-96379DC7054E}.Release|Any CPU.Build.0 = Release|Any CPU
		{681BD9C6-1592-4806-900E-61C2B9FF90C9}.Debug|Any CPU.ActiveCfg = Debug|Any CPU
		{681BD9C6-1592-4806-900E-61C2B9FF90C9}.Debug|Any CPU.Build.0 = Debug|Any CPU
		{681BD9C6-1592-4806-900E-61C2B9FF90C9}.Release|Any CPU.ActiveCfg = Release|Any CPU
		{681BD9C6-1592-4806-900E-61C2B9FF90C9}.Release|Any CPU.Build.0 = Release|Any CPU
		{C7731C37-8379-496D-8AB5-FACBB43FFFF7}.Debug|Any CPU.ActiveCfg = Debug|Any CPU
		{C7731C37-8379-496D-8AB5-FACBB43FFFF7}.Debug|Any CPU.Build.0 = Debug|Any CPU
		{C7731C37-8379-496D-8AB5-FACBB43FFFF7}.Release|Any CPU.ActiveCfg = Release|Any CPU
		{C7731C37-8379-496D-8AB5-FACBB43FFFF7}.Release|Any CPU.Build.0 = Release|Any CPU
		{6318DB93-EBBE-4115-8A75-639399483B5E}.Debug|Any CPU.ActiveCfg = Debug|Any CPU
		{6318DB93-EBBE-4115-8A75-639399483B5E}.Debug|Any CPU.Build.0 = Debug|Any CPU
		{6318DB93-EBBE-4115-8A75-639399483B5E}.Release|Any CPU.ActiveCfg = Release|Any CPU
		{6318DB93-EBBE-4115-8A75-639399483B5E}.Release|Any CPU.Build.0 = Release|Any CPU
	EndGlobalSection
	GlobalSection(NestedProjects) = preSolution
		{D340FD09-ABA2-4FFE-B47C-96379DC7054E} = {20D8B6AD-CFC2-4D1D-A3CE-B8A488710941}
		{681BD9C6-1592-4806-900E-61C2B9FF90C9} = {07C5ADE5-DC77-445A-BF0F-152BC9222FA0}
		{C7731C37-8379-496D-8AB5-FACBB43FFFF7} = {37D536E5-1E10-418B-A46D-DB650C704503}
		{6318DB93-EBBE-4115-8A75-639399483B5E} = {E6DF83FD-BF76-4C1E-8696-A6A5C8FA0FCB}
	EndGlobalSection
EndGlobal
